
Microsoft Visual Studio Solution File, Format Version 12.00
# Visual Studio Express 2012 for Web
Project("{FAE04EC0-301F-11D3-BF4B-00C04F79EFBC}") = "Web", "Web\Web.csproj", "{B2EA6CE6-7E49-4961-9D0F-446F202DB90D}"
EndProject
Global
	GlobalSection(SolutionConfigurationPlatforms) = preSolution
		Debug|Any CPU = Debug|Any CPU
		Release|Any CPU = Release|Any CPU
	EndGlobalSection
	GlobalSection(ProjectConfigurationPlatforms) = postSolution
		{B2EA6CE6-7E49-4961-9D0F-446F202DB90D}.Debug|Any CPU.ActiveCfg = Debug|Any CPU
		{B2EA6CE6-7E49-4961-9D0F-446F202DB90D}.Debug|Any CPU.Build.0 = Debug|Any CPU
		{B2EA6CE6-7E49-4961-9D0F-446F202DB90D}.Release|Any CPU.ActiveCfg = Release|Any CPU
		{B2EA6CE6-7E49-4961-9D0F-446F202DB90D}.Release|Any CPU.Build.0 = Release|Any CPU
	EndGlobalSection
	GlobalSection(SolutionProperties) = preSolution
		HideSolutionNode = FALSE
	EndGlobalSection
EndGlobal
